
Microsoft Visual Studio Solution File, Format Version 12.00
# Visual Studio 14
VisualStudioVersion = 14.0.25420.1
MinimumVisualStudioVersion = 10.0.40219.1
Project("{FAE04EC0-301F-11D3-BF4B-00C04F79EFBC}") = "1.Vehicles", "1.Vehicles\1.Vehicles.csproj", "{9D4D0EBB-03BE-445F-980B-D693E8ACFC86}"
EndProject
Project("{FAE04EC0-301F-11D3-BF4B-00C04F79EFBC}") = "WildFarm", "WildFarm\WildFarm.csproj", "{D671B2EF-5852-4EEE-8E9A-D56C196DC459}"
EndProject
Global
	GlobalSection(SolutionConfigurationPlatforms) = preSolution
		Debug|Any CPU = Debug|Any CPU
		Release|Any CPU = Release|Any CPU
	EndGlobalSection
	GlobalSection(ProjectConfigurationPlatforms) = postSolution
		{9D4D0EBB-03BE-445F-980B-D693E8ACFC86}.Debug|Any CPU.ActiveCfg = Debug|Any CPU
		{9D4D0EBB-03BE-445F-980B-D693E8ACFC86}.Debug|Any CPU.Build.0 = Debug|Any CPU
		{9D4D0EBB-03BE-445F-980B-D693E8ACFC86}.Release|Any CPU.ActiveCfg = Release|Any CPU
		{9D4D0EBB-03BE-445F-980B-D693E8ACFC86}.Release|Any CPU.Build.0 = Release|Any CPU
		{D671B2EF-5852-4EEE-8E9A-D56C196DC459}.Debug|Any CPU.ActiveCfg = Debug|Any CPU
		{D671B2EF-5852-4EEE-8E9A-D56C196DC459}.Debug|Any CPU.Build.0 = Debug|Any CPU
		{D671B2EF-5852-4EEE-8E9A-D56C196DC459}.Release|Any CPU.ActiveCfg = Release|Any CPU
		{D671B2EF-5852-4EEE-8E9A-D56C196DC459}.Release|Any CPU.Build.0 = Release|Any CPU
	EndGlobalSection
	GlobalSection(SolutionProperties) = preSolution
		HideSolutionNode = FALSE
	EndGlobalSection
EndGlobal
