
Microsoft Visual Studio Solution File, Format Version 12.00
# Visual Studio 14
VisualStudioVersion = 14.0.25420.1
MinimumVisualStudioVersion = 10.0.40219.1
Project("{FAE04EC0-301F-11D3-BF4B-00C04F79EFBC}") = "Person", "Person\Person.csproj", "{EE9D3B74-6CD5-4B81-AC16-93D5BFB21DB3}"
EndProject
Project("{FAE04EC0-301F-11D3-BF4B-00C04F79EFBC}") = "BookShop", "BookShop\BookShop.csproj", "{E37D41E6-AB05-4549-BC16-022EFD9A7D40}"
EndProject
Project("{FAE04EC0-301F-11D3-BF4B-00C04F79EFBC}") = "Mankind", "Mankind\Mankind.csproj", "{E948D03E-842B-4655-A3C9-BA432AB83D92}"
EndProject
Project("{FAE04EC0-301F-11D3-BF4B-00C04F79EFBC}") = "OnlineRadioDatabase", "OnlineRadioDatabase\OnlineRadioDatabase.csproj", "{1C01FDEF-788B-4410-89D2-F31A8C234D77}"
EndProject
Global
	GlobalSection(SolutionConfigurationPlatforms) = preSolution
		Debug|Any CPU = Debug|Any CPU
		Release|Any CPU = Release|Any CPU
	EndGlobalSection
	GlobalSection(ProjectConfigurationPlatforms) = postSolution
		{EE9D3B74-6CD5-4B81-AC16-93D5BFB21DB3}.Debug|Any CPU.ActiveCfg = Debug|Any CPU
		{EE9D3B74-6CD5-4B81-AC16-93D5BFB21DB3}.Debug|Any CPU.Build.0 = Debug|Any CPU
		{EE9D3B74-6CD5-4B81-AC16-93D5BFB21DB3}.Release|Any CPU.ActiveCfg = Release|Any CPU
		{EE9D3B74-6CD5-4B81-AC16-93D5BFB21DB3}.Release|Any CPU.Build.0 = Release|Any CPU
		{E37D41E6-AB05-4549-BC16-022EFD9A7D40}.Debug|Any CPU.ActiveCfg = Debug|Any CPU
		{E37D41E6-AB05-4549-BC16-022EFD9A7D40}.Debug|Any CPU.Build.0 = Debug|Any CPU
		{E37D41E6-AB05-4549-BC16-022EFD9A7D40}.Release|Any CPU.ActiveCfg = Release|Any CPU
		{E37D41E6-AB05-4549-BC16-022EFD9A7D40}.Release|Any CPU.Build.0 = Release|Any CPU
		{E948D03E-842B-4655-A3C9-BA432AB83D92}.Debug|Any CPU.ActiveCfg = Debug|Any CPU
		{E948D03E-842B-4655-A3C9-BA432AB83D92}.Debug|Any CPU.Build.0 = Debug|Any CPU
		{E948D03E-842B-4655-A3C9-BA432AB83D92}.Release|Any CPU.ActiveCfg = Release|Any CPU
		{E948D03E-842B-4655-A3C9-BA432AB83D92}.Release|Any CPU.Build.0 = Release|Any CPU
		{1C01FDEF-788B-4410-89D2-F31A8C234D77}.Debug|Any CPU.ActiveCfg = Debug|Any CPU
		{1C01FDEF-788B-4410-89D2-F31A8C234D77}.Debug|Any CPU.Build.0 = Debug|Any CPU
		{1C01FDEF-788B-4410-89D2-F31A8C234D77}.Release|Any CPU.ActiveCfg = Release|Any CPU
		{1C01FDEF-788B-4410-89D2-F31A8C234D77}.Release|Any CPU.Build.0 = Release|Any CPU
	EndGlobalSection
	GlobalSection(SolutionProperties) = preSolution
		HideSolutionNode = FALSE
	EndGlobalSection
EndGlobal
